
Microsoft Visual Studio Solution File, Format Version 12.00
# Visual Studio Version 17
VisualStudioVersion = 17.13.35806.99 d17.13
MinimumVisualStudioVersion = 10.0.40219.1
Project("{FAE04EC0-301F-11D3-BF4B-00C04F79EFBC}") = "Avalicao_m8_Alvaro_Kaio_Dieisson_Matheus", "Avalicao_m8_Alvaro_Kaio_Dieisson_Matheus\Avalicao_m8_Alvaro_Kaio_Dieisson_Matheus.csproj", "{F21C592E-D3E5-4914-95D2-3869FDEAFD6F}"
EndProject
Global
	GlobalSection(SolutionConfigurationPlatforms) = preSolution
		Debug|Any CPU = Debug|Any CPU
		Release|Any CPU = Release|Any CPU
	EndGlobalSection
	GlobalSection(ProjectConfigurationPlatforms) = postSolution
		{F21C592E-D3E5-4914-95D2-3869FDEAFD6F}.Debug|Any CPU.ActiveCfg = Debug|Any CPU
		{F21C592E-D3E5-4914-95D2-3869FDEAFD6F}.Debug|Any CPU.Build.0 = Debug|Any CPU
		{F21C592E-D3E5-4914-95D2-3869FDEAFD6F}.Release|Any CPU.ActiveCfg = Release|Any CPU
		{F21C592E-D3E5-4914-95D2-3869FDEAFD6F}.Release|Any CPU.Build.0 = Release|Any CPU
	EndGlobalSection
	GlobalSection(SolutionProperties) = preSolution
		HideSolutionNode = FALSE
	EndGlobalSection
	GlobalSection(ExtensibilityGlobals) = postSolution
		SolutionGuid = {1031C4E9-E32B-4E7B-9014-DD58A7AB0A9C}
	EndGlobalSection
EndGlobal
